
Microsoft Visual Studio Solution File, Format Version 12.00
# Visual Studio Version 16
VisualStudioVersion = 16.0.31229.75
MinimumVisualStudioVersion = 10.0.40219.1
Project("{9A19103F-16F7-4668-BE54-9A1E7A4F7556}") = "Parcial2_ap2_20180619", "Parcial2_ap2_20180619.csproj", "{4AB565E9-66F5-4A30-9CB4-E001DF02645A}"
EndProject
Global
	GlobalSection(SolutionConfigurationPlatforms) = preSolution
		Debug|Any CPU = Debug|Any CPU
		Release|Any CPU = Release|Any CPU
	EndGlobalSection
	GlobalSection(ProjectConfigurationPlatforms) = postSolution
		{4AB565E9-66F5-4A30-9CB4-E001DF02645A}.Debug|Any CPU.ActiveCfg = Debug|Any CPU
		{4AB565E9-66F5-4A30-9CB4-E001DF02645A}.Debug|Any CPU.Build.0 = Debug|Any CPU
		{4AB565E9-66F5-4A30-9CB4-E001DF02645A}.Release|Any CPU.ActiveCfg = Release|Any CPU
		{4AB565E9-66F5-4A30-9CB4-E001DF02645A}.Release|Any CPU.Build.0 = Release|Any CPU
	EndGlobalSection
	GlobalSection(SolutionProperties) = preSolution
		HideSolutionNode = FALSE
	EndGlobalSection
	GlobalSection(ExtensibilityGlobals) = postSolution
		SolutionGuid = {1CC87182-70F6-4DF5-8ADE-386C37822FE5}
	EndGlobalSection
EndGlobal
